
Microsoft Visual Studio Solution File, Format Version 12.00
# Visual Studio Version 17
VisualStudioVersion = 17.12.35707.178
MinimumVisualStudioVersion = 10.0.40219.1
Project("{FAE04EC0-301F-11D3-BF4B-00C04F79EFBC}") = "Arquitectura.Domain", "Arquitectura.Domain\Arquitectura.Domain.csproj", "{4739E778-D6D6-478C-85F2-E3AA7AA43DCC}"
EndProject
Project("{FAE04EC0-301F-11D3-BF4B-00C04F79EFBC}") = "Arquitectura.Persistance", "Arquitectura.Persistance\Arquitectura.Persistance.csproj", "{032E9D05-7206-461B-8A01-E3A694765A26}"
EndProject
Project("{FAE04EC0-301F-11D3-BF4B-00C04F79EFBC}") = "Arquitectura.infractuctura", "Arquitectura.infractuctura\Arquitectura.infractuctura.csproj", "{51ADADB9-DC55-4624-9681-1B8044BCB559}"
EndProject
Project("{2150E333-8FDC-42A3-9474-1A3956D46DE8}") = "Core", "Core", "{DF967846-AD50-4103-978C-FE1453BEA112}"
EndProject
Project("{2150E333-8FDC-42A3-9474-1A3956D46DE8}") = "Infrastructure", "Infrastructure", "{B6CC024F-A86A-4DC7-AB0A-0583C540A0B4}"
EndProject
Project("{2150E333-8FDC-42A3-9474-1A3956D46DE8}") = "Test", "Test", "{A701A53D-F015-4E5F-98C3-6F8091B212E2}"
EndProject
Project("{FAE04EC0-301F-11D3-BF4B-00C04F79EFBC}") = "Arquitecture.Application.Test", "Arquitecture.Application.Test\Arquitecture.Application.Test.csproj", "{9535599E-363B-458F-99C4-98C601D40360}"
EndProject
Project("{FAE04EC0-301F-11D3-BF4B-00C04F79EFBC}") = "Arquitecture.Persistence.Test", "Arquitecture.Persistence.Test\Arquitecture.Persistence.Test.csproj", "{F29893A2-52E3-4A75-ADFA-59F952EB59F4}"
EndProject
Project("{2150E333-8FDC-42A3-9474-1A3956D46DE8}") = "Web", "Web", "{EB1AAC58-3F38-4F09-869D-FCB377C4DE84}"
EndProject
Project("{2150E333-8FDC-42A3-9474-1A3956D46DE8}") = "Application", "Application", "{FF6EBB66-AAF5-4632-9604-158894BC0CE9}"
EndProject
Project("{FAE04EC0-301F-11D3-BF4B-00C04F79EFBC}") = "Arquitecture.Aplication", "Arquitecture.Aplication\Arquitecture.Aplication.csproj", "{22B83E1D-FB8A-48F3-9123-CB987936B4E8}"
EndProject
Project("{2150E333-8FDC-42A3-9474-1A3956D46DE8}") = "Api", "Api", "{DA99ADF0-9AF8-43A2-8B2F-BE5042818409}"
EndProject
Project("{FAE04EC0-301F-11D3-BF4B-00C04F79EFBC}") = "Arquitecture.API", "Arquitecture.API\Arquitecture.API.csproj", "{8E1E4075-1062-4A8C-9E0E-F4E19584FB91}"
EndProject
Project("{FAE04EC0-301F-11D3-BF4B-00C04F79EFBC}") = "Arquitecture.Web", "Arquitecture.Web\Arquitecture.Web.csproj", "{320CFAEE-6B86-4498-9B14-2CF3727DFDC4}"
EndProject
Global
	GlobalSection(SolutionConfigurationPlatforms) = preSolution
		Debug|Any CPU = Debug|Any CPU
		Release|Any CPU = Release|Any CPU
	EndGlobalSection
	GlobalSection(ProjectConfigurationPlatforms) = postSolution
		{4739E778-D6D6-478C-85F2-E3AA7AA43DCC}.Debug|Any CPU.ActiveCfg = Debug|Any CPU
		{4739E778-D6D6-478C-85F2-E3AA7AA43DCC}.Debug|Any CPU.Build.0 = Debug|Any CPU
		{4739E778-D6D6-478C-85F2-E3AA7AA43DCC}.Release|Any CPU.ActiveCfg = Release|Any CPU
		{4739E778-D6D6-478C-85F2-E3AA7AA43DCC}.Release|Any CPU.Build.0 = Release|Any CPU
		{032E9D05-7206-461B-8A01-E3A694765A26}.Debug|Any CPU.ActiveCfg = Debug|Any CPU
		{032E9D05-7206-461B-8A01-E3A694765A26}.Debug|Any CPU.Build.0 = Debug|Any CPU
		{032E9D05-7206-461B-8A01-E3A694765A26}.Release|Any CPU.ActiveCfg = Release|Any CPU
		{032E9D05-7206-461B-8A01-E3A694765A26}.Release|Any CPU.Build.0 = Release|Any CPU
		{51ADADB9-DC55-4624-9681-1B8044BCB559}.Debug|Any CPU.ActiveCfg = Debug|Any CPU
		{51ADADB9-DC55-4624-9681-1B8044BCB559}.Debug|Any CPU.Build.0 = Debug|Any CPU
		{51ADADB9-DC55-4624-9681-1B8044BCB559}.Release|Any CPU.ActiveCfg = Release|Any CPU
		{51ADADB9-DC55-4624-9681-1B8044BCB559}.Release|Any CPU.Build.0 = Release|Any CPU
		{9535599E-363B-458F-99C4-98C601D40360}.Debug|Any CPU.ActiveCfg = Debug|Any CPU
		{9535599E-363B-458F-99C4-98C601D40360}.Debug|Any CPU.Build.0 = Debug|Any CPU
		{9535599E-363B-458F-99C4-98C601D40360}.Release|Any CPU.ActiveCfg = Release|Any CPU
		{9535599E-363B-458F-99C4-98C601D40360}.Release|Any CPU.Build.0 = Release|Any CPU
		{F29893A2-52E3-4A75-ADFA-59F952EB59F4}.Debug|Any CPU.ActiveCfg = Debug|Any CPU
		{F29893A2-52E3-4A75-ADFA-59F952EB59F4}.Debug|Any CPU.Build.0 = Debug|Any CPU
		{F29893A2-52E3-4A75-ADFA-59F952EB59F4}.Release|Any CPU.ActiveCfg = Release|Any CPU
		{F29893A2-52E3-4A75-ADFA-59F952EB59F4}.Release|Any CPU.Build.0 = Release|Any CPU
		{22B83E1D-FB8A-48F3-9123-CB987936B4E8}.Debug|Any CPU.ActiveCfg = Debug|Any CPU
		{22B83E1D-FB8A-48F3-9123-CB987936B4E8}.Debug|Any CPU.Build.0 = Debug|Any CPU
		{22B83E1D-FB8A-48F3-9123-CB987936B4E8}.Release|Any CPU.ActiveCfg = Release|Any CPU
		{22B83E1D-FB8A-48F3-9123-CB987936B4E8}.Release|Any CPU.Build.0 = Release|Any CPU
		{8E1E4075-1062-4A8C-9E0E-F4E19584FB91}.Debug|Any CPU.ActiveCfg = Debug|Any CPU
		{8E1E4075-1062-4A8C-9E0E-F4E19584FB91}.Debug|Any CPU.Build.0 = Debug|Any CPU
		{8E1E4075-1062-4A8C-9E0E-F4E19584FB91}.Release|Any CPU.ActiveCfg = Release|Any CPU
		{8E1E4075-1062-4A8C-9E0E-F4E19584FB91}.Release|Any CPU.Build.0 = Release|Any CPU
		{320CFAEE-6B86-4498-9B14-2CF3727DFDC4}.Debug|Any CPU.ActiveCfg = Debug|Any CPU
		{320CFAEE-6B86-4498-9B14-2CF3727DFDC4}.Debug|Any CPU.Build.0 = Debug|Any CPU
		{320CFAEE-6B86-4498-9B14-2CF3727DFDC4}.Release|Any CPU.ActiveCfg = Release|Any CPU
		{320CFAEE-6B86-4498-9B14-2CF3727DFDC4}.Release|Any CPU.Build.0 = Release|Any CPU
	EndGlobalSection
	GlobalSection(SolutionProperties) = preSolution
		HideSolutionNode = FALSE
	EndGlobalSection
	GlobalSection(NestedProjects) = preSolution
		{4739E778-D6D6-478C-85F2-E3AA7AA43DCC} = {DF967846-AD50-4103-978C-FE1453BEA112}
		{032E9D05-7206-461B-8A01-E3A694765A26} = {B6CC024F-A86A-4DC7-AB0A-0583C540A0B4}
		{51ADADB9-DC55-4624-9681-1B8044BCB559} = {B6CC024F-A86A-4DC7-AB0A-0583C540A0B4}
		{9535599E-363B-458F-99C4-98C601D40360} = {A701A53D-F015-4E5F-98C3-6F8091B212E2}
		{F29893A2-52E3-4A75-ADFA-59F952EB59F4} = {A701A53D-F015-4E5F-98C3-6F8091B212E2}
		{22B83E1D-FB8A-48F3-9123-CB987936B4E8} = {FF6EBB66-AAF5-4632-9604-158894BC0CE9}
		{8E1E4075-1062-4A8C-9E0E-F4E19584FB91} = {DA99ADF0-9AF8-43A2-8B2F-BE5042818409}
		{320CFAEE-6B86-4498-9B14-2CF3727DFDC4} = {EB1AAC58-3F38-4F09-869D-FCB377C4DE84}
	EndGlobalSection
EndGlobal
